// !$*UTF8*$!
{
	archiveVersion = 1;
	classes = {
	};
	objectVersion = 46;
	objects = {

/* Begin PBXBuildFile section */
		419575961924AEAA0023480D /* Foundation.framework in Frameworks */ = {isa = PBXBuildFile; fileRef = 419575951924AEAA0023480D /* Foundation.framework */; };
		419575981924AEAA0023480D /* CoreGraphics.framework in Frameworks */ = {isa = PBXBuildFile; fileRef = 419575971924AEAA0023480D /* CoreGraphics.framework */; };
		4195759A1924AEAA0023480D /* UIKit.framework in Frameworks */ = {isa = PBXBuildFile; fileRef = 419575991924AEAA0023480D /* UIKit.framework */; };
		419575A01924AEAA0023480D /* InfoPlist.strings in Resources */ = {isa = PBXBuildFile; fileRef = 4195759E1924AEAA0023480D /* InfoPlist.strings */; };
		419575A21924AEAA0023480D /* main.m in Sources */ = {isa = PBXBuildFile; fileRef = 419575A11924AEAA0023480D /* main.m */; };
		419575A61924AEAA0023480D /* AppDelegate.m in Sources */ = {isa = PBXBuildFile; fileRef = 419575A51924AEAA0023480D /* AppDelegate.m */; };
		419575A91924AEAA0023480D /* Main.storyboard in Resources */ = {isa = PBXBuildFile; fileRef = 419575A71924AEAA0023480D /* Main.storyboard */; };
		419575AC1924AEAA0023480D /* LoginViewController.m in Sources */ = {isa = PBXBuildFile; fileRef = 419575AB1924AEAA0023480D /* LoginViewController.m */; };
		419575AE1924AEAA0023480D /* Images.xcassets in Resources */ = {isa = PBXBuildFile; fileRef = 419575AD1924AEAA0023480D /* Images.xcassets */; };
		419575B51924AEAA0023480D /* XCTest.framework in Frameworks */ = {isa = PBXBuildFile; fileRef = 419575B41924AEAA0023480D /* XCTest.framework */; };
		419575B61924AEAA0023480D /* Foundation.framework in Frameworks */ = {isa = PBXBuildFile; fileRef = 419575951924AEAA0023480D /* Foundation.framework */; };
		419575B71924AEAA0023480D /* UIKit.framework in Frameworks */ = {isa = PBXBuildFile; fileRef = 419575991924AEAA0023480D /* UIKit.framework */; };
		419575BF1924AEAA0023480D /* InfoPlist.strings in Resources */ = {isa = PBXBuildFile; fileRef = 419575BD1924AEAA0023480D /* InfoPlist.strings */; };
		419575C11924AEAA0023480D /* AnonymoResurrectedTests.m in Sources */ = {isa = PBXBuildFile; fileRef = 419575C01924AEAA0023480D /* AnonymoResurrectedTests.m */; };
		419575DB1924CB9F0023480D /* UserRegistrationTableViewController.m in Sources */ = {isa = PBXBuildFile; fileRef = 419575DA1924CB9F0023480D /* UserRegistrationTableViewController.m */; };
		419575F41924D9930023480D /* NSString+PercentEscapes.m in Sources */ = {isa = PBXBuildFile; fileRef = 419575ED1924D9930023480D /* NSString+PercentEscapes.m */; };
		419575F51924D9930023480D /* NSArray+NoBoundsCheck.m in Sources */ = {isa = PBXBuildFile; fileRef = 419575EF1924D9930023480D /* NSArray+NoBoundsCheck.m */; };
		419575F61924D9930023480D /* UIColor+RBGA256.m in Sources */ = {isa = PBXBuildFile; fileRef = 419575F11924D9930023480D /* UIColor+RBGA256.m */; };
		419575F71924D9930023480D /* UILabel+CustomUIDatePickerLabels.m in Sources */ = {isa = PBXBuildFile; fileRef = 419575F31924D9930023480D /* UILabel+CustomUIDatePickerLabels.m */; };
		419575FB1924D9C90023480D /* Utility.m in Sources */ = {isa = PBXBuildFile; fileRef = 419575FA1924D9C90023480D /* Utility.m */; };
		419575FE1924F28C0023480D /* AppModel.m in Sources */ = {isa = PBXBuildFile; fileRef = 419575FD1924F28C0023480D /* AppModel.m */; };
		419707021925F6B20068DEA1 /* button-arrow.png in Resources */ = {isa = PBXBuildFile; fileRef = 419706FC1925F6B20068DEA1 /* button-arrow.png */; };
		419707031925F6B20068DEA1 /* button-arrow@2x.png in Resources */ = {isa = PBXBuildFile; fileRef = 419706FD1925F6B20068DEA1 /* button-arrow@2x.png */; };
		419707041925F6B20068DEA1 /* button-arrow2.png in Resources */ = {isa = PBXBuildFile; fileRef = 419706FE1925F6B20068DEA1 /* button-arrow2.png */; };
		419707051925F6B20068DEA1 /* button-arrow2@2x.png in Resources */ = {isa = PBXBuildFile; fileRef = 419706FF1925F6B20068DEA1 /* button-arrow2@2x.png */; };
		419707061925F6B20068DEA1 /* logo.png in Resources */ = {isa = PBXBuildFile; fileRef = 419707001925F6B20068DEA1 /* logo.png */; };
		419707071925F6B20068DEA1 /* logo@2x.png in Resources */ = {isa = PBXBuildFile; fileRef = 419707011925F6B20068DEA1 /* logo@2x.png */; };
		4197074D19260EFE0068DEA1 /* WorldMapViewController.m in Sources */ = {isa = PBXBuildFile; fileRef = 4197074C19260EFE0068DEA1 /* WorldMapViewController.m */; };
		4197074F192618020068DEA1 /* web_browser.png in Resources */ = {isa = PBXBuildFile; fileRef = 4197074E192618020068DEA1 /* web_browser.png */; };
		419707511926184B0068DEA1 /* web_browser (1).png in Resources */ = {isa = PBXBuildFile; fileRef = 419707501926184B0068DEA1 /* web_browser (1).png */; };
		41970753192618BA0068DEA1 /* maps.png in Resources */ = {isa = PBXBuildFile; fileRef = 41970752192618BA0068DEA1 /* maps.png */; };
		4197075619261A900068DEA1 /* mapIcon.png in Resources */ = {isa = PBXBuildFile; fileRef = 4197075419261A900068DEA1 /* mapIcon.png */; };
		4197075719261A900068DEA1 /* mapIcon@2x.png in Resources */ = {isa = PBXBuildFile; fileRef = 4197075519261A900068DEA1 /* mapIcon@2x.png */; };
		4197075A19261BD00068DEA1 /* worldIcon.png in Resources */ = {isa = PBXBuildFile; fileRef = 4197075819261BD00068DEA1 /* worldIcon.png */; };
		4197075D19261BF30068DEA1 /* worldIcon@2x.png in Resources */ = {isa = PBXBuildFile; fileRef = 4197075C19261BF30068DEA1 /* worldIcon@2x.png */; };
		4197076019261C8B0068DEA1 /* tab.png in Resources */ = {isa = PBXBuildFile; fileRef = 4197075E19261C8B0068DEA1 /* tab.png */; };
		4197076119261C8B0068DEA1 /* tab@2x.png in Resources */ = {isa = PBXBuildFile; fileRef = 4197075F19261C8B0068DEA1 /* tab@2x.png */; };
		4197076419261D530068DEA1 /* tabCalendar.png in Resources */ = {isa = PBXBuildFile; fileRef = 4197076219261D530068DEA1 /* tabCalendar.png */; };
		4197076519261D530068DEA1 /* tabCalendar@2x.png in Resources */ = {isa = PBXBuildFile; fileRef = 4197076319261D530068DEA1 /* tabCalendar@2x.png */; };
		4197076819261DF00068DEA1 /* tabMessage.png in Resources */ = {isa = PBXBuildFile; fileRef = 4197076619261DF00068DEA1 /* tabMessage.png */; };
		4197076919261DF00068DEA1 /* tabMessage@2x.png in Resources */ = {isa = PBXBuildFile; fileRef = 4197076719261DF00068DEA1 /* tabMessage@2x.png */; };
		4197076C19261F810068DEA1 /* tabSettings.png in Resources */ = {isa = PBXBuildFile; fileRef = 4197076A19261F810068DEA1 /* tabSettings.png */; };
		4197076D19261F810068DEA1 /* tabSettings@2x.png in Resources */ = {isa = PBXBuildFile; fileRef = 4197076B19261F810068DEA1 /* tabSettings@2x.png */; };
		4197076F1926214B0068DEA1 /* process@2x.png in Resources */ = {isa = PBXBuildFile; fileRef = 4197076E1926214B0068DEA1 /* process@2x.png */; };
		41970771192621530068DEA1 /* process.png in Resources */ = {isa = PBXBuildFile; fileRef = 41970770192621530068DEA1 /* process.png */; };
		4197077319264A020068DEA1 /* FacebookSDK.framework in Frameworks */ = {isa = PBXBuildFile; fileRef = 4197077219264A020068DEA1 /* FacebookSDK.framework */; };
		4197077E19265CAD0068DEA1 /* Social.framework in Frameworks */ = {isa = PBXBuildFile; fileRef = 4197077D19265CAD0068DEA1 /* Social.framework */; };
		4197078019265CB60068DEA1 /* Security.framework in Frameworks */ = {isa = PBXBuildFile; fileRef = 4197077F19265CB50068DEA1 /* Security.framework */; };
		4197078219265CC00068DEA1 /* AdSupport.framework in Frameworks */ = {isa = PBXBuildFile; fileRef = 4197078119265CC00068DEA1 /* AdSupport.framework */; };
/* End PBXBuildFile section */

/* Begin PBXContainerItemProxy section */
		419575B81924AEAA0023480D /* PBXContainerItemProxy */ = {
			isa = PBXContainerItemProxy;
			containerPortal = 4195758A1924AEAA0023480D /* Project object */;
			proxyType = 1;
			remoteGlobalIDString = 419575911924AEAA0023480D;
			remoteInfo = AnonymoResurrected;
		};
/* End PBXContainerItemProxy section */

/* Begin PBXFileReference section */
		419575921924AEAA0023480D /* AnonymoResurrected.app */ = {isa = PBXFileReference; explicitFileType = wrapper.application; includeInIndex = 0; path = AnonymoResurrected.app; sourceTree = BUILT_PRODUCTS_DIR; };
		419575951924AEAA0023480D /* Foundation.framework */ = {isa = PBXFileReference; lastKnownFileType = wrapper.framework; name = Foundation.framework; path = System/Library/Frameworks/Foundation.framework; sourceTree = SDKROOT; };
		419575971924AEAA0023480D /* CoreGraphics.framework */ = {isa = PBXFileReference; lastKnownFileType = wrapper.framework; name = CoreGraphics.framework; path = System/Library/Frameworks/CoreGraphics.framework; sourceTree = SDKROOT; };
		419575991924AEAA0023480D /* UIKit.framework */ = {isa = PBXFileReference; lastKnownFileType = wrapper.framework; name = UIKit.framework; path = System/Library/Frameworks/UIKit.framework; sourceTree = SDKROOT; };
		4195759D1924AEAA0023480D /* AnonymoResurrected-Info.plist */ = {isa = PBXFileReference; lastKnownFileType = text.plist.xml; path = "AnonymoResurrected-Info.plist"; sourceTree = "<group>"; };
		4195759F1924AEAA0023480D /* en */ = {isa = PBXFileReference; lastKnownFileType = text.plist.strings; name = en; path = en.lproj/InfoPlist.strings; sourceTree = "<group>"; };
		419575A11924AEAA0023480D /* main.m */ = {isa = PBXFileReference; lastKnownFileType = sourcecode.c.objc; path = main.m; sourceTree = "<group>"; };
		419575A31924AEAA0023480D /* AnonymoResurrected-Prefix.pch */ = {isa = PBXFileReference; lastKnownFileType = sourcecode.c.h; path = "AnonymoResurrected-Prefix.pch"; sourceTree = "<group>"; };
		419575A41924AEAA0023480D /* AppDelegate.h */ = {isa = PBXFileReference; lastKnownFileType = sourcecode.c.h; path = AppDelegate.h; sourceTree = "<group>"; };
		419575A51924AEAA0023480D /* AppDelegate.m */ = {isa = PBXFileReference; lastKnownFileType = sourcecode.c.objc; path = AppDelegate.m; sourceTree = "<group>"; };
		419575A81924AEAA0023480D /* Base */ = {isa = PBXFileReference; lastKnownFileType = file.storyboard; name = Base; path = Base.lproj/Main.storyboard; sourceTree = "<group>"; };
		419575AA1924AEAA0023480D /* LoginViewController.h */ = {isa = PBXFileReference; lastKnownFileType = sourcecode.c.h; path = LoginViewController.h; sourceTree = "<group>"; };
		419575AB1924AEAA0023480D /* LoginViewController.m */ = {isa = PBXFileReference; lastKnownFileType = sourcecode.c.objc; path = LoginViewController.m; sourceTree = "<group>"; };
		419575AD1924AEAA0023480D /* Images.xcassets */ = {isa = PBXFileReference; lastKnownFileType = folder.assetcatalog; name = Images.xcassets; path = AnonymoResurrected/Images.xcassets; sourceTree = "<group>"; };
		419575B31924AEAA0023480D /* AnonymoResurrectedTests.xctest */ = {isa = PBXFileReference; explicitFileType = wrapper.cfbundle; includeInIndex = 0; path = AnonymoResurrectedTests.xctest; sourceTree = BUILT_PRODUCTS_DIR; };
		419575B41924AEAA0023480D /* XCTest.framework */ = {isa = PBXFileReference; lastKnownFileType = wrapper.framework; name = XCTest.framework; path = Library/Frameworks/XCTest.framework; sourceTree = DEVELOPER_DIR; };
		419575BC1924AEAA0023480D /* AnonymoResurrectedTests-Info.plist */ = {isa = PBXFileReference; lastKnownFileType = text.plist.xml; path = "AnonymoResurrectedTests-Info.plist"; sourceTree = "<group>"; };
		419575BE1924AEAA0023480D /* en */ = {isa = PBXFileReference; lastKnownFileType = text.plist.strings; name = en; path = en.lproj/InfoPlist.strings; sourceTree = "<group>"; };
		419575C01924AEAA0023480D /* AnonymoResurrectedTests.m */ = {isa = PBXFileReference; lastKnownFileType = sourcecode.c.objc; path = AnonymoResurrectedTests.m; sourceTree = "<group>"; };
		419575D91924CB9F0023480D /* UserRegistrationTableViewController.h */ = {isa = PBXFileReference; fileEncoding = 4; lastKnownFileType = sourcecode.c.h; path = UserRegistrationTableViewController.h; sourceTree = "<group>"; };
		419575DA1924CB9F0023480D /* UserRegistrationTableViewController.m */ = {isa = PBXFileReference; fileEncoding = 4; lastKnownFileType = sourcecode.c.objc; path = UserRegistrationTableViewController.m; sourceTree = "<group>"; };
		419575DF1924D8990023480D /* Constants.h */ = {isa = PBXFileReference; lastKnownFileType = sourcecode.c.h; path = Constants.h; sourceTree = "<group>"; };
		419575EC1924D9930023480D /* NSString+PercentEscapes.h */ = {isa = PBXFileReference; fileEncoding = 4; lastKnownFileType = sourcecode.c.h; path = "NSString+PercentEscapes.h"; sourceTree = "<group>"; };
		419575ED1924D9930023480D /* NSString+PercentEscapes.m */ = {isa = PBXFileReference; fileEncoding = 4; lastKnownFileType = sourcecode.c.objc; path = "NSString+PercentEscapes.m"; sourceTree = "<group>"; };
		419575EE1924D9930023480D /* NSArray+NoBoundsCheck.h */ = {isa = PBXFileReference; fileEncoding = 4; lastKnownFileType = sourcecode.c.h; path = "NSArray+NoBoundsCheck.h"; sourceTree = "<group>"; };
		419575EF1924D9930023480D /* NSArray+NoBoundsCheck.m */ = {isa = PBXFileReference; fileEncoding = 4; lastKnownFileType = sourcecode.c.objc; path = "NSArray+NoBoundsCheck.m"; sourceTree = "<group>"; };
		419575F01924D9930023480D /* UIColor+RBGA256.h */ = {isa = PBXFileReference; fileEncoding = 4; lastKnownFileType = sourcecode.c.h; path = "UIColor+RBGA256.h"; sourceTree = "<group>"; };
		419575F11924D9930023480D /* UIColor+RBGA256.m */ = {isa = PBXFileReference; fileEncoding = 4; lastKnownFileType = sourcecode.c.objc; path = "UIColor+RBGA256.m"; sourceTree = "<group>"; };
		419575F21924D9930023480D /* UILabel+CustomUIDatePickerLabels.h */ = {isa = PBXFileReference; fileEncoding = 4; lastKnownFileType = sourcecode.c.h; path = "UILabel+CustomUIDatePickerLabels.h"; sourceTree = "<group>"; };
		419575F31924D9930023480D /* UILabel+CustomUIDatePickerLabels.m */ = {isa = PBXFileReference; fileEncoding = 4; lastKnownFileType = sourcecode.c.objc; path = "UILabel+CustomUIDatePickerLabels.m"; sourceTree = "<group>"; };
		419575F91924D9C90023480D /* Utility.h */ = {isa = PBXFileReference; fileEncoding = 4; lastKnownFileType = sourcecode.c.h; name = Utility.h; path = ../../iPi/iPi/Utility.h; sourceTree = "<group>"; };
		419575FA1924D9C90023480D /* Utility.m */ = {isa = PBXFileReference; fileEncoding = 4; lastKnownFileType = sourcecode.c.objc; name = Utility.m; path = ../../iPi/iPi/Utility.m; sourceTree = "<group>"; };
		419575FC1924F28C0023480D /* AppModel.h */ = {isa = PBXFileReference; fileEncoding = 4; lastKnownFileType = sourcecode.c.h; path = AppModel.h; sourceTree = "<group>"; };
		419575FD1924F28C0023480D /* AppModel.m */ = {isa = PBXFileReference; fileEncoding = 4; lastKnownFileType = sourcecode.c.objc; path = AppModel.m; sourceTree = "<group>"; };
		419706FC1925F6B20068DEA1 /* button-arrow.png */ = {isa = PBXFileReference; lastKnownFileType = image.png; name = "button-arrow.png"; path = "AnonymoResurrected/Images/button-arrow.png"; sourceTree = "<group>"; };
		419706FD1925F6B20068DEA1 /* button-arrow@2x.png */ = {isa = PBXFileReference; lastKnownFileType = image.png; name = "button-arrow@2x.png"; path = "AnonymoResurrected/Images/button-arrow@2x.png"; sourceTree = "<group>"; };
		419706FE1925F6B20068DEA1 /* button-arrow2.png */ = {isa = PBXFileReference; lastKnownFileType = image.png; name = "button-arrow2.png"; path = "AnonymoResurrected/Images/button-arrow2.png"; sourceTree = "<group>"; };
		419706FF1925F6B20068DEA1 /* button-arrow2@2x.png */ = {isa = PBXFileReference; lastKnownFileType = image.png; name = "button-arrow2@2x.png"; path = "AnonymoResurrected/Images/button-arrow2@2x.png"; sourceTree = "<group>"; };
		419707001925F6B20068DEA1 /* logo.png */ = {isa = PBXFileReference; lastKnownFileType = image.png; name = logo.png; path = AnonymoResurrected/Images/logo.png; sourceTree = "<group>"; };
		419707011925F6B20068DEA1 /* logo@2x.png */ = {isa = PBXFileReference; lastKnownFileType = image.png; name = "logo@2x.png"; path = "AnonymoResurrected/Images/logo@2x.png"; sourceTree = "<group>"; };
		4197074B19260EFE0068DEA1 /* WorldMapViewController.h */ = {isa = PBXFileReference; fileEncoding = 4; lastKnownFileType = sourcecode.c.h; path = WorldMapViewController.h; sourceTree = "<group>"; };
		4197074C19260EFE0068DEA1 /* WorldMapViewController.m */ = {isa = PBXFileReference; fileEncoding = 4; lastKnownFileType = sourcecode.c.objc; path = WorldMapViewController.m; sourceTree = "<group>"; };
		4197074E192618020068DEA1 /* web_browser.png */ = {isa = PBXFileReference; lastKnownFileType = image.png; path = web_browser.png; sourceTree = "<group>"; };
		419707501926184B0068DEA1 /* web_browser (1).png */ = {isa = PBXFileReference; lastKnownFileType = image.png; path = "web_browser (1).png"; sourceTree = "<group>"; };
		41970752192618BA0068DEA1 /* maps.png */ = {isa = PBXFileReference; lastKnownFileType = image.png; path = maps.png; sourceTree = "<group>"; };
		4197075419261A900068DEA1 /* mapIcon.png */ = {isa = PBXFileReference; lastKnownFileType = image.png; path = mapIcon.png; sourceTree = "<group>"; };
		4197075519261A900068DEA1 /* mapIcon@2x.png */ = {isa = PBXFileReference; lastKnownFileType = image.png; path = "mapIcon@2x.png"; sourceTree = "<group>"; };
		4197075819261BD00068DEA1 /* worldIcon.png */ = {isa = PBXFileReference; lastKnownFileType = image.png; path = worldIcon.png; sourceTree = "<group>"; };
		4197075C19261BF30068DEA1 /* worldIcon@2x.png */ = {isa = PBXFileReference; lastKnownFileType = image.png; path = "worldIcon@2x.png"; sourceTree = "<group>"; };
		4197075E19261C8B0068DEA1 /* tab.png */ = {isa = PBXFileReference; lastKnownFileType = image.png; path = tab.png; sourceTree = "<group>"; };
		4197075F19261C8B0068DEA1 /* tab@2x.png */ = {isa = PBXFileReference; lastKnownFileType = image.png; path = "tab@2x.png"; sourceTree = "<group>"; };
		4197076219261D530068DEA1 /* tabCalendar.png */ = {isa = PBXFileReference; lastKnownFileType = image.png; path = tabCalendar.png; sourceTree = "<group>"; };
		4197076319261D530068DEA1 /* tabCalendar@2x.png */ = {isa = PBXFileReference; lastKnownFileType = image.png; path = "tabCalendar@2x.png"; sourceTree = "<group>"; };
		4197076619261DF00068DEA1 /* tabMessage.png */ = {isa = PBXFileReference; lastKnownFileType = image.png; path = tabMessage.png; sourceTree = "<group>"; };
		4197076719261DF00068DEA1 /* tabMessage@2x.png */ = {isa = PBXFileReference; lastKnownFileType = image.png; path = "tabMessage@2x.png"; sourceTree = "<group>"; };
		4197076A19261F810068DEA1 /* tabSettings.png */ = {isa = PBXFileReference; lastKnownFileType = image.png; path = tabSettings.png; sourceTree = "<group>"; };
		4197076B19261F810068DEA1 /* tabSettings@2x.png */ = {isa = PBXFileReference; lastKnownFileType = image.png; path = "tabSettings@2x.png"; sourceTree = "<group>"; };
		4197076E1926214B0068DEA1 /* process@2x.png */ = {isa = PBXFileReference; lastKnownFileType = image.png; path = "process@2x.png"; sourceTree = "<group>"; };
		41970770192621530068DEA1 /* process.png */ = {isa = PBXFileReference; lastKnownFileType = image.png; path = process.png; sourceTree = "<group>"; };
		4197077219264A020068DEA1 /* FacebookSDK.framework */ = {isa = PBXFileReference; lastKnownFileType = wrapper.framework; path = FacebookSDK.framework; sourceTree = "<group>"; };
		4197077D19265CAD0068DEA1 /* Social.framework */ = {isa = PBXFileReference; lastKnownFileType = wrapper.framework; name = Social.framework; path = System/Library/Frameworks/Social.framework; sourceTree = SDKROOT; };
		4197077F19265CB50068DEA1 /* Security.framework */ = {isa = PBXFileReference; lastKnownFileType = wrapper.framework; name = Security.framework; path = System/Library/Frameworks/Security.framework; sourceTree = SDKROOT; };
		4197078119265CC00068DEA1 /* AdSupport.framework */ = {isa = PBXFileReference; lastKnownFileType = wrapper.framework; name = AdSupport.framework; path = System/Library/Frameworks/AdSupport.framework; sourceTree = SDKROOT; };
/* End PBXFileReference section */

/* Begin PBXFrameworksBuildPhase section */
		4195758F1924AEAA0023480D /* Frameworks */ = {
			isa = PBXFrameworksBuildPhase;
			buildActionMask = 2147483647;
			files = (
				4197078219265CC00068DEA1 /* AdSupport.framework in Frameworks */,
				4197078019265CB60068DEA1 /* Security.framework in Frameworks */,
				4197077E19265CAD0068DEA1 /* Social.framework in Frameworks */,
				419575981924AEAA0023480D /* CoreGraphics.framework in Frameworks */,
				4197077319264A020068DEA1 /* FacebookSDK.framework in Frameworks */,
				4195759A1924AEAA0023480D /* UIKit.framework in Frameworks */,
				419575961924AEAA0023480D /* Foundation.framework in Frameworks */,
			);
			runOnlyForDeploymentPostprocessing = 0;
		};
		419575B01924AEAA0023480D /* Frameworks */ = {
			isa = PBXFrameworksBuildPhase;
			buildActionMask = 2147483647;
			files = (
				419575B51924AEAA0023480D /* XCTest.framework in Frameworks */,
				419575B71924AEAA0023480D /* UIKit.framework in Frameworks */,
				419575B61924AEAA0023480D /* Foundation.framework in Frameworks */,
			);
			runOnlyForDeploymentPostprocessing = 0;
		};
/* End PBXFrameworksBuildPhase section */

/* Begin PBXGroup section */
		419575891924AEAA0023480D = {
			isa = PBXGroup;
			children = (
				4195759B1924AEAA0023480D /* AnonymoResurrected */,
				419575AD1924AEAA0023480D /* Images.xcassets */,
				419575BA1924AEAA0023480D /* AnonymoResurrectedTests */,
				419575941924AEAA0023480D /* Frameworks */,
				419575931924AEAA0023480D /* Products */,
				419576051924FC250023480D /* APIs */,
			);
			sourceTree = "<group>";
		};
		419575931924AEAA0023480D /* Products */ = {
			isa = PBXGroup;
			children = (
				419575921924AEAA0023480D /* AnonymoResurrected.app */,
				419575B31924AEAA0023480D /* AnonymoResurrectedTests.xctest */,
			);
			name = Products;
			sourceTree = "<group>";
		};
		419575941924AEAA0023480D /* Frameworks */ = {
			isa = PBXGroup;
			children = (
				4197078119265CC00068DEA1 /* AdSupport.framework */,
				4197077F19265CB50068DEA1 /* Security.framework */,
				4197077D19265CAD0068DEA1 /* Social.framework */,
				4197077219264A020068DEA1 /* FacebookSDK.framework */,
				419575951924AEAA0023480D /* Foundation.framework */,
				419575971924AEAA0023480D /* CoreGraphics.framework */,
				419575991924AEAA0023480D /* UIKit.framework */,
				419575B41924AEAA0023480D /* XCTest.framework */,
			);
			name = Frameworks;
			sourceTree = "<group>";
		};
		4195759B1924AEAA0023480D /* AnonymoResurrected */ = {
			isa = PBXGroup;
			children = (
				4197074B19260EFE0068DEA1 /* WorldMapViewController.h */,
				4197074C19260EFE0068DEA1 /* WorldMapViewController.m */,
				419575A71924AEAA0023480D /* Main.storyboard */,
				419575CA1924B37F0023480D /* Images */,
				419576031924FA940023480D /* Models */,
				419576041924FAB90023480D /* Initializations */,
				419575F81924D9990023480D /* Categories */,
				4195759C1924AEAA0023480D /* Supporting Files */,
			);
			path = AnonymoResurrected;
			sourceTree = "<group>";
		};
		4195759C1924AEAA0023480D /* Supporting Files */ = {
			isa = PBXGroup;
			children = (
				419575A41924AEAA0023480D /* AppDelegate.h */,
				419575A51924AEAA0023480D /* AppDelegate.m */,
				419575A11924AEAA0023480D /* main.m */,
				4195759D1924AEAA0023480D /* AnonymoResurrected-Info.plist */,
				4195759E1924AEAA0023480D /* InfoPlist.strings */,
				419575A31924AEAA0023480D /* AnonymoResurrected-Prefix.pch */,
			);
			name = "Supporting Files";
			sourceTree = "<group>";
		};
		419575BA1924AEAA0023480D /* AnonymoResurrectedTests */ = {
			isa = PBXGroup;
			children = (
				419575C01924AEAA0023480D /* AnonymoResurrectedTests.m */,
				419575BB1924AEAA0023480D /* Supporting Files */,
			);
			path = AnonymoResurrectedTests;
			sourceTree = "<group>";
		};
		419575BB1924AEAA0023480D /* Supporting Files */ = {
			isa = PBXGroup;
			children = (
				419575BC1924AEAA0023480D /* AnonymoResurrectedTests-Info.plist */,
				419575BD1924AEAA0023480D /* InfoPlist.strings */,
			);
			name = "Supporting Files";
			sourceTree = "<group>";
		};
		419575CA1924B37F0023480D /* Images */ = {
			isa = PBXGroup;
			children = (
				41970770192621530068DEA1 /* process.png */,
				4197076E1926214B0068DEA1 /* process@2x.png */,
				4197076A19261F810068DEA1 /* tabSettings.png */,
				4197076B19261F810068DEA1 /* tabSettings@2x.png */,
				4197076619261DF00068DEA1 /* tabMessage.png */,
				4197076719261DF00068DEA1 /* tabMessage@2x.png */,
				4197076219261D530068DEA1 /* tabCalendar.png */,
				4197076319261D530068DEA1 /* tabCalendar@2x.png */,
				4197075C19261BF30068DEA1 /* worldIcon@2x.png */,
				4197075E19261C8B0068DEA1 /* tab.png */,
				4197075F19261C8B0068DEA1 /* tab@2x.png */,
				4197075819261BD00068DEA1 /* worldIcon.png */,
				4197075419261A900068DEA1 /* mapIcon.png */,
				4197075519261A900068DEA1 /* mapIcon@2x.png */,
				419707501926184B0068DEA1 /* web_browser (1).png */,
				4197074E192618020068DEA1 /* web_browser.png */,
				419706FC1925F6B20068DEA1 /* button-arrow.png */,
				419706FD1925F6B20068DEA1 /* button-arrow@2x.png */,
				419706FE1925F6B20068DEA1 /* button-arrow2.png */,
				419706FF1925F6B20068DEA1 /* button-arrow2@2x.png */,
				419707001925F6B20068DEA1 /* logo.png */,
				419707011925F6B20068DEA1 /* logo@2x.png */,
				41970752192618BA0068DEA1 /* maps.png */,
			);
			name = Images;
			path = ..;
			sourceTree = "<group>";
		};
		419575F81924D9990023480D /* Categories */ = {
			isa = PBXGroup;
			children = (
				419575EC1924D9930023480D /* NSString+PercentEscapes.h */,
				419575ED1924D9930023480D /* NSString+PercentEscapes.m */,
				419575EE1924D9930023480D /* NSArray+NoBoundsCheck.h */,
				419575EF1924D9930023480D /* NSArray+NoBoundsCheck.m */,
				419575F01924D9930023480D /* UIColor+RBGA256.h */,
				419575F11924D9930023480D /* UIColor+RBGA256.m */,
				419575F21924D9930023480D /* UILabel+CustomUIDatePickerLabels.h */,
				419575F31924D9930023480D /* UILabel+CustomUIDatePickerLabels.m */,
			);
			name = Categories;
			sourceTree = "<group>";
		};
		419576031924FA940023480D /* Models */ = {
			isa = PBXGroup;
			children = (
				419575FC1924F28C0023480D /* AppModel.h */,
				419575FD1924F28C0023480D /* AppModel.m */,
				419575F91924D9C90023480D /* Utility.h */,
				419575FA1924D9C90023480D /* Utility.m */,
				419575DF1924D8990023480D /* Constants.h */,
			);
			name = Models;
			sourceTree = "<group>";
		};
		419576041924FAB90023480D /* Initializations */ = {
			isa = PBXGroup;
			children = (
				419575AA1924AEAA0023480D /* LoginViewController.h */,
				419575AB1924AEAA0023480D /* LoginViewController.m */,
				419575D91924CB9F0023480D /* UserRegistrationTableViewController.h */,
				419575DA1924CB9F0023480D /* UserRegistrationTableViewController.m */,
			);
			name = Initializations;
			sourceTree = "<group>";
		};
		419576051924FC250023480D /* APIs */ = {
			isa = PBXGroup;
			children = (
			);
			name = APIs;
			sourceTree = "<group>";
		};
/* End PBXGroup section */

/* Begin PBXNativeTarget section */
		419575911924AEAA0023480D /* AnonymoResurrected */ = {
			isa = PBXNativeTarget;
			buildConfigurationList = 419575C41924AEAA0023480D /* Build configuration list for PBXNativeTarget "AnonymoResurrected" */;
			buildPhases = (
				4195758E1924AEAA0023480D /* Sources */,
				4195758F1924AEAA0023480D /* Frameworks */,
				419575901924AEAA0023480D /* Resources */,
			);
			buildRules = (
			);
			dependencies = (
			);
			name = AnonymoResurrected;
			productName = AnonymoResurrected;
			productReference = 419575921924AEAA0023480D /* AnonymoResurrected.app */;
			productType = "com.apple.product-type.application";
		};
		419575B21924AEAA0023480D /* AnonymoResurrectedTests */ = {
			isa = PBXNativeTarget;
			buildConfigurationList = 419575C71924AEAA0023480D /* Build configuration list for PBXNativeTarget "AnonymoResurrectedTests" */;
			buildPhases = (
				419575AF1924AEAA0023480D /* Sources */,
				419575B01924AEAA0023480D /* Frameworks */,
				419575B11924AEAA0023480D /* Resources */,
			);
			buildRules = (
			);
			dependencies = (
				419575B91924AEAA0023480D /* PBXTargetDependency */,
			);
			name = AnonymoResurrectedTests;
			productName = AnonymoResurrectedTests;
			productReference = 419575B31924AEAA0023480D /* AnonymoResurrectedTests.xctest */;
			productType = "com.apple.product-type.bundle.unit-test";
		};
/* End PBXNativeTarget section */

/* Begin PBXProject section */
		4195758A1924AEAA0023480D /* Project object */ = {
			isa = PBXProject;
			attributes = {
				LastUpgradeCheck = 0510;
				ORGANIZATIONNAME = sparktech;
				TargetAttributes = {
					419575B21924AEAA0023480D = {
						TestTargetID = 419575911924AEAA0023480D;
					};
				};
			};
			buildConfigurationList = 4195758D1924AEAA0023480D /* Build configuration list for PBXProject "AnonymoResurrected" */;
			compatibilityVersion = "Xcode 3.2";
			developmentRegion = English;
			hasScannedForEncodings = 0;
			knownRegions = (
				en,
				Base,
			);
			mainGroup = 419575891924AEAA0023480D;
			productRefGroup = 419575931924AEAA0023480D /* Products */;
			projectDirPath = "";
			projectRoot = "";
			targets = (
				419575911924AEAA0023480D /* AnonymoResurrected */,
				419575B21924AEAA0023480D /* AnonymoResurrectedTests */,
			);
		};
/* End PBXProject section */

/* Begin PBXResourcesBuildPhase section */
		419575901924AEAA0023480D /* Resources */ = {
			isa = PBXResourcesBuildPhase;
			buildActionMask = 2147483647;
			files = (
				419575AE1924AEAA0023480D /* Images.xcassets in Resources */,
				419707031925F6B20068DEA1 /* button-arrow@2x.png in Resources */,
				419575A01924AEAA0023480D /* InfoPlist.strings in Resources */,
				419575A91924AEAA0023480D /* Main.storyboard in Resources */,
				419707061925F6B20068DEA1 /* logo.png in Resources */,
				4197074F192618020068DEA1 /* web_browser.png in Resources */,
				419707511926184B0068DEA1 /* web_browser (1).png in Resources */,
				4197076F1926214B0068DEA1 /* process@2x.png in Resources */,
				4197076019261C8B0068DEA1 /* tab.png in Resources */,
				4197076119261C8B0068DEA1 /* tab@2x.png in Resources */,
				4197076819261DF00068DEA1 /* tabMessage.png in Resources */,
				419707051925F6B20068DEA1 /* button-arrow2@2x.png in Resources */,
				4197075619261A900068DEA1 /* mapIcon.png in Resources */,
				41970753192618BA0068DEA1 /* maps.png in Resources */,
				419707041925F6B20068DEA1 /* button-arrow2.png in Resources */,
				4197076919261DF00068DEA1 /* tabMessage@2x.png in Resources */,
				4197076D19261F810068DEA1 /* tabSettings@2x.png in Resources */,
				4197075A19261BD00068DEA1 /* worldIcon.png in Resources */,
				419707071925F6B20068DEA1 /* logo@2x.png in Resources */,
				4197076419261D530068DEA1 /* tabCalendar.png in Resources */,
				4197076519261D530068DEA1 /* tabCalendar@2x.png in Resources */,
				4197075719261A900068DEA1 /* mapIcon@2x.png in Resources */,
				4197075D19261BF30068DEA1 /* worldIcon@2x.png in Resources */,
				41970771192621530068DEA1 /* process.png in Resources */,
				4197076C19261F810068DEA1 /* tabSettings.png in Resources */,
				419707021925F6B20068DEA1 /* button-arrow.png in Resources */,
			);
			runOnlyForDeploymentPostprocessing = 0;
		};
		419575B11924AEAA0023480D /* Resources */ = {
			isa = PBXResourcesBuildPhase;
			buildActionMask = 2147483647;
			files = (
				419575BF1924AEAA0023480D /* InfoPlist.strings in Resources */,
			);
			runOnlyForDeploymentPostprocessing = 0;
		};
/* End PBXResourcesBuildPhase section */

/* Begin PBXSourcesBuildPhase section */
		4195758E1924AEAA0023480D /* Sources */ = {
			isa = PBXSourcesBuildPhase;
			buildActionMask = 2147483647;
			files = (
				419575AC1924AEAA0023480D /* LoginViewController.m in Sources */,
				419575DB1924CB9F0023480D /* UserRegistrationTableViewController.m in Sources */,
				419575F51924D9930023480D /* NSArray+NoBoundsCheck.m in Sources */,
				4197074D19260EFE0068DEA1 /* WorldMapViewController.m in Sources */,
				419575A61924AEAA0023480D /* AppDelegate.m in Sources */,
				419575FB1924D9C90023480D /* Utility.m in Sources */,
				419575F61924D9930023480D /* UIColor+RBGA256.m in Sources */,
				419575F71924D9930023480D /* UILabel+CustomUIDatePickerLabels.m in Sources */,
				419575FE1924F28C0023480D /* AppModel.m in Sources */,
				419575F41924D9930023480D /* NSString+PercentEscapes.m in Sources */,
				419575A21924AEAA0023480D /* main.m in Sources */,
			);
			runOnlyForDeploymentPostprocessing = 0;
		};
		419575AF1924AEAA0023480D /* Sources */ = {
			isa = PBXSourcesBuildPhase;
			buildActionMask = 2147483647;
			files = (
				419575C11924AEAA0023480D /* AnonymoResurrectedTests.m in Sources */,
			);
			runOnlyForDeploymentPostprocessing = 0;
		};
/* End PBXSourcesBuildPhase section */

/* Begin PBXTargetDependency section */
		419575B91924AEAA0023480D /* PBXTargetDependency */ = {
			isa = PBXTargetDependency;
			target = 419575911924AEAA0023480D /* AnonymoResurrected */;
			targetProxy = 419575B81924AEAA0023480D /* PBXContainerItemProxy */;
		};
/* End PBXTargetDependency section */

/* Begin PBXVariantGroup section */
		4195759E1924AEAA0023480D /* InfoPlist.strings */ = {
			isa = PBXVariantGroup;
			children = (
				4195759F1924AEAA0023480D /* en */,
			);
			name = InfoPlist.strings;
			sourceTree = "<group>";
		};
		419575A71924AEAA0023480D /* Main.storyboard */ = {
			isa = PBXVariantGroup;
			children = (
				419575A81924AEAA0023480D /* Base */,
			);
			name = Main.storyboard;
			sourceTree = "<group>";
		};
		419575BD1924AEAA0023480D /* InfoPlist.strings */ = {
			isa = PBXVariantGroup;
			children = (
				419575BE1924AEAA0023480D /* en */,
			);
			name = InfoPlist.strings;
			sourceTree = "<group>";
		};
/* End PBXVariantGroup section */

/* Begin XCBuildConfiguration section */
		419575C21924AEAA0023480D /* Debug */ = {
			isa = XCBuildConfiguration;
			buildSettings = {
				ALWAYS_SEARCH_USER_PATHS = NO;
				CLANG_CXX_LANGUAGE_STANDARD = "gnu++0x";
				CLANG_CXX_LIBRARY = "libc++";
				CLANG_ENABLE_MODULES = YES;
				CLANG_ENABLE_OBJC_ARC = YES;
				CLANG_WARN_BOOL_CONVERSION = YES;
				CLANG_WARN_CONSTANT_CONVERSION = YES;
				CLANG_WARN_DIRECT_OBJC_ISA_USAGE = YES_ERROR;
				CLANG_WARN_EMPTY_BODY = YES;
				CLANG_WARN_ENUM_CONVERSION = YES;
				CLANG_WARN_INT_CONVERSION = YES;
				CLANG_WARN_OBJC_ROOT_CLASS = YES_ERROR;
				CLANG_WARN__DUPLICATE_METHOD_MATCH = YES;
				"CODE_SIGN_IDENTITY[sdk=iphoneos*]" = "iPhone Developer";
				COPY_PHASE_STRIP = NO;
				GCC_C_LANGUAGE_STANDARD = gnu99;
				GCC_DYNAMIC_NO_PIC = NO;
				GCC_OPTIMIZATION_LEVEL = 0;
				GCC_PREPROCESSOR_DEFINITIONS = (
					"DEBUG=1",
					"$(inherited)",
				);
				GCC_SYMBOLS_PRIVATE_EXTERN = NO;
				GCC_WARN_64_TO_32_BIT_CONVERSION = YES;
				GCC_WARN_ABOUT_RETURN_TYPE = YES_ERROR;
				GCC_WARN_UNDECLARED_SELECTOR = YES;
				GCC_WARN_UNINITIALIZED_AUTOS = YES_AGGRESSIVE;
				GCC_WARN_UNUSED_FUNCTION = YES;
				GCC_WARN_UNUSED_VARIABLE = YES;
				IPHONEOS_DEPLOYMENT_TARGET = 7.1;
				ONLY_ACTIVE_ARCH = YES;
				SDKROOT = iphoneos;
			};
			name = Debug;
		};
		419575C31924AEAA0023480D /* Release */ = {
			isa = XCBuildConfiguration;
			buildSettings = {
				ALWAYS_SEARCH_USER_PATHS = NO;
				CLANG_CXX_LANGUAGE_STANDARD = "gnu++0x";
				CLANG_CXX_LIBRARY = "libc++";
				CLANG_ENABLE_MODULES = YES;
				CLANG_ENABLE_OBJC_ARC = YES;
				CLANG_WARN_BOOL_CONVERSION = YES;
				CLANG_WARN_CONSTANT_CONVERSION = YES;
				CLANG_WARN_DIRECT_OBJC_ISA_USAGE = YES_ERROR;
				CLANG_WARN_EMPTY_BODY = YES;
				CLANG_WARN_ENUM_CONVERSION = YES;
				CLANG_WARN_INT_CONVERSION = YES;
				CLANG_WARN_OBJC_ROOT_CLASS = YES_ERROR;
				CLANG_WARN__DUPLICATE_METHOD_MATCH = YES;
				"CODE_SIGN_IDENTITY[sdk=iphoneos*]" = "iPhone Developer";
				COPY_PHASE_STRIP = YES;
				ENABLE_NS_ASSERTIONS = NO;
				GCC_C_LANGUAGE_STANDARD = gnu99;
				GCC_WARN_64_TO_32_BIT_CONVERSION = YES;
				GCC_WARN_ABOUT_RETURN_TYPE = YES_ERROR;
				GCC_WARN_UNDECLARED_SELECTOR = YES;
				GCC_WARN_UNINITIALIZED_AUTOS = YES_AGGRESSIVE;
				GCC_WARN_UNUSED_FUNCTION = YES;
				GCC_WARN_UNUSED_VARIABLE = YES;
				IPHONEOS_DEPLOYMENT_TARGET = 7.1;
				SDKROOT = iphoneos;
				VALIDATE_PRODUCT = YES;
			};
			name = Release;
		};
		419575C51924AEAA0023480D /* Debug */ = {
			isa = XCBuildConfiguration;
			buildSettings = {
				ASSETCATALOG_COMPILER_APPICON_NAME = AppIcon;
				ASSETCATALOG_COMPILER_LAUNCHIMAGE_NAME = LaunchImage;
				FRAMEWORK_SEARCH_PATHS = (
					"$(inherited)",
					"$(PROJECT_DIR)",
				);
				GCC_PRECOMPILE_PREFIX_HEADER = YES;
				GCC_PREFIX_HEADER = "AnonymoResurrected/AnonymoResurrected-Prefix.pch";
				INFOPLIST_FILE = "AnonymoResurrected/AnonymoResurrected-Info.plist";
				IPHONEOS_DEPLOYMENT_TARGET = 7.0;
				PRODUCT_NAME = "$(TARGET_NAME)";
				PROVISIONING_PROFILE = "4EDF6E8E-2058-446A-842E-16C2EADC87A5";
				WRAPPER_EXTENSION = app;
			};
			name = Debug;
		};
		419575C61924AEAA0023480D /* Release */ = {
			isa = XCBuildConfiguration;
			buildSettings = {
				ASSETCATALOG_COMPILER_APPICON_NAME = AppIcon;
				ASSETCATALOG_COMPILER_LAUNCHIMAGE_NAME = LaunchImage;
				FRAMEWORK_SEARCH_PATHS = (
					"$(inherited)",
					"$(PROJECT_DIR)",
				);
				GCC_PRECOMPILE_PREFIX_HEADER = YES;
				GCC_PREFIX_HEADER = "AnonymoResurrected/AnonymoResurrected-Prefix.pch";
				INFOPLIST_FILE = "AnonymoResurrected/AnonymoResurrected-Info.plist";
				IPHONEOS_DEPLOYMENT_TARGET = 7.0;
				PRODUCT_NAME = "$(TARGET_NAME)";
				PROVISIONING_PROFILE = "4EDF6E8E-2058-446A-842E-16C2EADC87A5";
				WRAPPER_EXTENSION = app;
			};
			name = Release;
		};
		419575C81924AEAA0023480D /* Debug */ = {
			isa = XCBuildConfiguration;
			buildSettings = {
				BUNDLE_LOADER = "$(BUILT_PRODUCTS_DIR)/AnonymoResurrected.app/AnonymoResurrected";
				FRAMEWORK_SEARCH_PATHS = (
					"$(SDKROOT)/Developer/Library/Frameworks",
					"$(inherited)",
					"$(DEVELOPER_FRAMEWORKS_DIR)",
				);
				GCC_PRECOMPILE_PREFIX_HEADER = YES;
				GCC_PREFIX_HEADER = "AnonymoResurrected/AnonymoResurrected-Prefix.pch";
				GCC_PREPROCESSOR_DEFINITIONS = (
					"DEBUG=1",
					"$(inherited)",
				);
				INFOPLIST_FILE = "AnonymoResurrectedTests/AnonymoResurrectedTests-Info.plist";
				PRODUCT_NAME = "$(TARGET_NAME)";
				TEST_HOST = "$(BUNDLE_LOADER)";
				WRAPPER_EXTENSION = xctest;
			};
			name = Debug;
		};
		419575C91924AEAA0023480D /* Release */ = {
			isa = XCBuildConfiguration;
			buildSettings = {
				BUNDLE_LOADER = "$(BUILT_PRODUCTS_DIR)/AnonymoResurrected.app/AnonymoResurrected";
				FRAMEWORK_SEARCH_PATHS = (
					"$(SDKROOT)/Developer/Library/Frameworks",
					"$(inherited)",
					"$(DEVELOPER_FRAMEWORKS_DIR)",
				);
				GCC_PRECOMPILE_PREFIX_HEADER = YES;
				GCC_PREFIX_HEADER = "AnonymoResurrected/AnonymoResurrected-Prefix.pch";
				INFOPLIST_FILE = "AnonymoResurrectedTests/AnonymoResurrectedTests-Info.plist";
				PRODUCT_NAME = "$(TARGET_NAME)";
				TEST_HOST = "$(BUNDLE_LOADER)";
				WRAPPER_EXTENSION = xctest;
			};
			name = Release;
		};
/* End XCBuildConfiguration section */

/* Begin XCConfigurationList section */
		4195758D1924AEAA0023480D /* Build configuration list for PBXProject "AnonymoResurrected" */ = {
			isa = XCConfigurationList;
			buildConfigurations = (
				419575C21924AEAA0023480D /* Debug */,
				419575C31924AEAA0023480D /* Release */,
			);
			defaultConfigurationIsVisible = 0;
			defaultConfigurationName = Release;
		};
		419575C41924AEAA0023480D /* Build configuration list for PBXNativeTarget "AnonymoResurrected" */ = {
			isa = XCConfigurationList;
			buildConfigurations = (
				419575C51924AEAA0023480D /* Debug */,
				419575C61924AEAA0023480D /* Release */,
			);
			defaultConfigurationIsVisible = 0;
			defaultConfigurationName = Release;
		};
		419575C71924AEAA0023480D /* Build configuration list for PBXNativeTarget "AnonymoResurrectedTests" */ = {
			isa = XCConfigurationList;
			buildConfigurations = (
				419575C81924AEAA0023480D /* Debug */,
				419575C91924AEAA0023480D /* Release */,
			);
			defaultConfigurationIsVisible = 0;
			defaultConfigurationName = Release;
		};
/* End XCConfigurationList section */
	};
	rootObject = 4195758A1924AEAA0023480D /* Project object */;
}
